
Microsoft Visual Studio Solution File, Format Version 12.00
# Visual Studio 2013
VisualStudioVersion = 12.0.40629.0
MinimumVisualStudioVersion = 10.0.40219.1
Project("{FAE04EC0-301F-11D3-BF4B-00C04F79EFBC}") = "Spike.Providers", "Spikes.Identity\Spike.Providers.csproj", "{B0AF3E16-A97C-418D-B5AD-1524836FB47F}"
EndProject
Project("{2150E333-8FDC-42A3-9474-1A3956D46DE8}") = "1. Front End", "1. Front End", "{0CB91A51-5EEA-4526-B55F-C75160CC994D}"
EndProject
Project("{2150E333-8FDC-42A3-9474-1A3956D46DE8}") = "2. Mid-Tier", "2. Mid-Tier", "{36F7E0D0-6184-4528-B88E-6BB17FA4CE57}"
EndProject
Project("{2150E333-8FDC-42A3-9474-1A3956D46DE8}") = "3. DAL", "3. DAL", "{A0D86D49-FBB8-4BAB-B541-59AF95D1BDE5}"
EndProject
Project("{FAE04EC0-301F-11D3-BF4B-00C04F79EFBC}") = "Spike.Contracts", "Spike.Contracts\Spike.Contracts.csproj", "{D23623AA-B634-4DF1-84DF-EEEB7E10F8F3}"
EndProject
Project("{2150E333-8FDC-42A3-9474-1A3956D46DE8}") = "4. N-Tier", "4. N-Tier", "{43DF95B2-FA27-4AE9-A9B8-E27904A7D3AE}"
EndProject
Project("{FAE04EC0-301F-11D3-BF4B-00C04F79EFBC}") = "Spike.Adapters", "Spike.DAL\Spike.Adapters.csproj", "{50C53AA4-F93D-4DD6-9811-C865372B4EBC}"
EndProject
Project("{FAE04EC0-301F-11D3-BF4B-00C04F79EFBC}") = "Spike.Providers.WCF.Host", "Spike.Providers.WCF.Host\Spike.Providers.WCF.Host.csproj", "{F67695FD-3CE1-4FEE-92D0-327522CD4ED3}"
EndProject
Project("{FAE04EC0-301F-11D3-BF4B-00C04F79EFBC}") = "Spike.Providers.WCF.Proxy", "Spike.Providers.WCF.Proxy\Spike.Providers.WCF.Proxy.csproj", "{9E330ED8-6C24-42E6-BB22-F09D82DCF5C0}"
	ProjectSection(ProjectDependencies) = postProject
		{0B45B0D7-100A-4721-A9A4-EE132B5B0431} = {0B45B0D7-100A-4721-A9A4-EE132B5B0431}
	EndProjectSection
EndProject
Project("{FAE04EC0-301F-11D3-BF4B-00C04F79EFBC}") = "Spike.Providers.WCF", "Spike.Providers.WCF\Spike.Providers.WCF.csproj", "{0B45B0D7-100A-4721-A9A4-EE132B5B0431}"
EndProject
Project("{FAE04EC0-301F-11D3-BF4B-00C04F79EFBC}") = "Spike.Web", "Spike.Web\Spike.Web.csproj", "{9D59E42D-4630-4B1C-8C27-924071F4EE3E}"
	ProjectSection(ProjectDependencies) = postProject
		{0B45B0D7-100A-4721-A9A4-EE132B5B0431} = {0B45B0D7-100A-4721-A9A4-EE132B5B0431}
	EndProjectSection
EndProject
Project("{FAE04EC0-301F-11D3-BF4B-00C04F79EFBC}") = "Spike.Public.Services", "Spike.Public.Services\Spike.Public.Services.csproj", "{C77062B8-5E06-4A41-8720-4747998A5DD3}"
EndProject
Project("{2150E333-8FDC-42A3-9474-1A3956D46DE8}") = "Consumers", "Consumers", "{459A85B6-3693-46E8-9DD4-F2BCBA617306}"
EndProject
Project("{FAE04EC0-301F-11D3-BF4B-00C04F79EFBC}") = "WcfCosumer", "WcfCosumer\WcfCosumer.csproj", "{C7A73F48-67EE-414B-9F50-182653DD720F}"
	ProjectSection(ProjectDependencies) = postProject
		{9D59E42D-4630-4B1C-8C27-924071F4EE3E} = {9D59E42D-4630-4B1C-8C27-924071F4EE3E}
	EndProjectSection
EndProject
Project("{FAE04EC0-301F-11D3-BF4B-00C04F79EFBC}") = "RestConsumer", "RestConsumer\RestConsumer.csproj", "{B0137888-5D7A-4C2C-B518-437141B14AAC}"
EndProject
Project("{2150E333-8FDC-42A3-9474-1A3956D46DE8}") = "0. Documentation", "0. Documentation", "{A62D9B90-59CD-4543-AB17-644AAA1EBB25}"
	ProjectSection(SolutionItems) = preProject
		Info.one = Info.one
	EndProjectSection
EndProject
Project("{2150E333-8FDC-42A3-9474-1A3956D46DE8}") = "Schedular", "Schedular", "{A5B0E1FE-B068-46F8-9670-7BAE9F5C2FE3}"
EndProject
Project("{FAE04EC0-301F-11D3-BF4B-00C04F79EFBC}") = "Spike.Schedular.Host", "Spike.Schedular.Host\Spike.Schedular.Host.csproj", "{A09D09C4-ACCF-4947-A2C7-A73A82619011}"
EndProject
Project("{FAE04EC0-301F-11D3-BF4B-00C04F79EFBC}") = "Spike.Schedular", "Spike.Schedular\Spike.Schedular.csproj", "{49605D63-4138-4471-B17B-E01B998AE503}"
EndProject
Project("{2150E333-8FDC-42A3-9474-1A3956D46DE8}") = "5. Cross Cutting Concerns", "5. Cross Cutting Concerns", "{18F87588-2536-4AED-B725-05C7DD3D0812}"
EndProject
Project("{FAE04EC0-301F-11D3-BF4B-00C04F79EFBC}") = "Spike.Security", "Spike.Security\Spike.Security.csproj", "{39FDFDD6-7B2C-4565-8CF0-2027593941C4}"
EndProject
Global
	GlobalSection(SolutionConfigurationPlatforms) = preSolution
		Debug|Any CPU = Debug|Any CPU
		Release|Any CPU = Release|Any CPU
	EndGlobalSection
	GlobalSection(ProjectConfigurationPlatforms) = postSolution
		{B0AF3E16-A97C-418D-B5AD-1524836FB47F}.Debug|Any CPU.ActiveCfg = Debug|Any CPU
		{B0AF3E16-A97C-418D-B5AD-1524836FB47F}.Debug|Any CPU.Build.0 = Debug|Any CPU
		{B0AF3E16-A97C-418D-B5AD-1524836FB47F}.Release|Any CPU.ActiveCfg = Release|Any CPU
		{B0AF3E16-A97C-418D-B5AD-1524836FB47F}.Release|Any CPU.Build.0 = Release|Any CPU
		{D23623AA-B634-4DF1-84DF-EEEB7E10F8F3}.Debug|Any CPU.ActiveCfg = Debug|Any CPU
		{D23623AA-B634-4DF1-84DF-EEEB7E10F8F3}.Debug|Any CPU.Build.0 = Debug|Any CPU
		{D23623AA-B634-4DF1-84DF-EEEB7E10F8F3}.Release|Any CPU.ActiveCfg = Release|Any CPU
		{D23623AA-B634-4DF1-84DF-EEEB7E10F8F3}.Release|Any CPU.Build.0 = Release|Any CPU
		{50C53AA4-F93D-4DD6-9811-C865372B4EBC}.Debug|Any CPU.ActiveCfg = Debug|Any CPU
		{50C53AA4-F93D-4DD6-9811-C865372B4EBC}.Debug|Any CPU.Build.0 = Debug|Any CPU
		{50C53AA4-F93D-4DD6-9811-C865372B4EBC}.Release|Any CPU.ActiveCfg = Release|Any CPU
		{50C53AA4-F93D-4DD6-9811-C865372B4EBC}.Release|Any CPU.Build.0 = Release|Any CPU
		{F67695FD-3CE1-4FEE-92D0-327522CD4ED3}.Debug|Any CPU.ActiveCfg = Debug|Any CPU
		{F67695FD-3CE1-4FEE-92D0-327522CD4ED3}.Debug|Any CPU.Build.0 = Debug|Any CPU
		{F67695FD-3CE1-4FEE-92D0-327522CD4ED3}.Release|Any CPU.ActiveCfg = Release|Any CPU
		{F67695FD-3CE1-4FEE-92D0-327522CD4ED3}.Release|Any CPU.Build.0 = Release|Any CPU
		{9E330ED8-6C24-42E6-BB22-F09D82DCF5C0}.Debug|Any CPU.ActiveCfg = Debug|Any CPU
		{9E330ED8-6C24-42E6-BB22-F09D82DCF5C0}.Debug|Any CPU.Build.0 = Debug|Any CPU
		{9E330ED8-6C24-42E6-BB22-F09D82DCF5C0}.Release|Any CPU.ActiveCfg = Release|Any CPU
		{9E330ED8-6C24-42E6-BB22-F09D82DCF5C0}.Release|Any CPU.Build.0 = Release|Any CPU
		{0B45B0D7-100A-4721-A9A4-EE132B5B0431}.Debug|Any CPU.ActiveCfg = Debug|Any CPU
		{0B45B0D7-100A-4721-A9A4-EE132B5B0431}.Debug|Any CPU.Build.0 = Debug|Any CPU
		{0B45B0D7-100A-4721-A9A4-EE132B5B0431}.Release|Any CPU.ActiveCfg = Release|Any CPU
		{0B45B0D7-100A-4721-A9A4-EE132B5B0431}.Release|Any CPU.Build.0 = Release|Any CPU
		{9D59E42D-4630-4B1C-8C27-924071F4EE3E}.Debug|Any CPU.ActiveCfg = Debug|Any CPU
		{9D59E42D-4630-4B1C-8C27-924071F4EE3E}.Debug|Any CPU.Build.0 = Debug|Any CPU
		{9D59E42D-4630-4B1C-8C27-924071F4EE3E}.Release|Any CPU.ActiveCfg = Release|Any CPU
		{9D59E42D-4630-4B1C-8C27-924071F4EE3E}.Release|Any CPU.Build.0 = Release|Any CPU
		{C77062B8-5E06-4A41-8720-4747998A5DD3}.Debug|Any CPU.ActiveCfg = Debug|Any CPU
		{C77062B8-5E06-4A41-8720-4747998A5DD3}.Debug|Any CPU.Build.0 = Debug|Any CPU
		{C77062B8-5E06-4A41-8720-4747998A5DD3}.Release|Any CPU.ActiveCfg = Release|Any CPU
		{C77062B8-5E06-4A41-8720-4747998A5DD3}.Release|Any CPU.Build.0 = Release|Any CPU
		{C7A73F48-67EE-414B-9F50-182653DD720F}.Debug|Any CPU.ActiveCfg = Debug|Any CPU
		{C7A73F48-67EE-414B-9F50-182653DD720F}.Debug|Any CPU.Build.0 = Debug|Any CPU
		{C7A73F48-67EE-414B-9F50-182653DD720F}.Release|Any CPU.ActiveCfg = Release|Any CPU
		{C7A73F48-67EE-414B-9F50-182653DD720F}.Release|Any CPU.Build.0 = Release|Any CPU
		{B0137888-5D7A-4C2C-B518-437141B14AAC}.Debug|Any CPU.ActiveCfg = Debug|Any CPU
		{B0137888-5D7A-4C2C-B518-437141B14AAC}.Debug|Any CPU.Build.0 = Debug|Any CPU
		{B0137888-5D7A-4C2C-B518-437141B14AAC}.Release|Any CPU.ActiveCfg = Release|Any CPU
		{B0137888-5D7A-4C2C-B518-437141B14AAC}.Release|Any CPU.Build.0 = Release|Any CPU
		{A09D09C4-ACCF-4947-A2C7-A73A82619011}.Debug|Any CPU.ActiveCfg = Debug|Any CPU
		{A09D09C4-ACCF-4947-A2C7-A73A82619011}.Debug|Any CPU.Build.0 = Debug|Any CPU
		{A09D09C4-ACCF-4947-A2C7-A73A82619011}.Release|Any CPU.ActiveCfg = Release|Any CPU
		{A09D09C4-ACCF-4947-A2C7-A73A82619011}.Release|Any CPU.Build.0 = Release|Any CPU
		{49605D63-4138-4471-B17B-E01B998AE503}.Debug|Any CPU.ActiveCfg = Debug|Any CPU
		{49605D63-4138-4471-B17B-E01B998AE503}.Debug|Any CPU.Build.0 = Debug|Any CPU
		{49605D63-4138-4471-B17B-E01B998AE503}.Release|Any CPU.ActiveCfg = Release|Any CPU
		{49605D63-4138-4471-B17B-E01B998AE503}.Release|Any CPU.Build.0 = Release|Any CPU
		{39FDFDD6-7B2C-4565-8CF0-2027593941C4}.Debug|Any CPU.ActiveCfg = Debug|Any CPU
		{39FDFDD6-7B2C-4565-8CF0-2027593941C4}.Debug|Any CPU.Build.0 = Debug|Any CPU
		{39FDFDD6-7B2C-4565-8CF0-2027593941C4}.Release|Any CPU.ActiveCfg = Release|Any CPU
		{39FDFDD6-7B2C-4565-8CF0-2027593941C4}.Release|Any CPU.Build.0 = Release|Any CPU
	EndGlobalSection
	GlobalSection(SolutionProperties) = preSolution
		HideSolutionNode = FALSE
	EndGlobalSection
	GlobalSection(NestedProjects) = preSolution
		{B0AF3E16-A97C-418D-B5AD-1524836FB47F} = {36F7E0D0-6184-4528-B88E-6BB17FA4CE57}
		{D23623AA-B634-4DF1-84DF-EEEB7E10F8F3} = {A5B0E1FE-B068-46F8-9670-7BAE9F5C2FE3}
		{50C53AA4-F93D-4DD6-9811-C865372B4EBC} = {A0D86D49-FBB8-4BAB-B541-59AF95D1BDE5}
		{F67695FD-3CE1-4FEE-92D0-327522CD4ED3} = {43DF95B2-FA27-4AE9-A9B8-E27904A7D3AE}
		{9E330ED8-6C24-42E6-BB22-F09D82DCF5C0} = {43DF95B2-FA27-4AE9-A9B8-E27904A7D3AE}
		{0B45B0D7-100A-4721-A9A4-EE132B5B0431} = {43DF95B2-FA27-4AE9-A9B8-E27904A7D3AE}
		{9D59E42D-4630-4B1C-8C27-924071F4EE3E} = {0CB91A51-5EEA-4526-B55F-C75160CC994D}
		{C77062B8-5E06-4A41-8720-4747998A5DD3} = {0CB91A51-5EEA-4526-B55F-C75160CC994D}
		{C7A73F48-67EE-414B-9F50-182653DD720F} = {459A85B6-3693-46E8-9DD4-F2BCBA617306}
		{B0137888-5D7A-4C2C-B518-437141B14AAC} = {459A85B6-3693-46E8-9DD4-F2BCBA617306}
		{A5B0E1FE-B068-46F8-9670-7BAE9F5C2FE3} = {36F7E0D0-6184-4528-B88E-6BB17FA4CE57}
		{A09D09C4-ACCF-4947-A2C7-A73A82619011} = {A5B0E1FE-B068-46F8-9670-7BAE9F5C2FE3}
		{49605D63-4138-4471-B17B-E01B998AE503} = {A5B0E1FE-B068-46F8-9670-7BAE9F5C2FE3}
		{39FDFDD6-7B2C-4565-8CF0-2027593941C4} = {18F87588-2536-4AED-B725-05C7DD3D0812}
	EndGlobalSection
EndGlobal
